
Microsoft Visual Studio Solution File, Format Version 12.00
# Visual Studio Version 17
VisualStudioVersion = 17.10.35004.147
MinimumVisualStudioVersion = 10.0.40219.1
Project("{9A19103F-16F7-4668-BE54-9A1E7A4F7556}") = "FireAlarmServer", "FireAlarmServer\FireAlarmServer.csproj", "{88CE24F7-081D-425F-B677-6571A5E5DDBD}"
EndProject
Global
	GlobalSection(SolutionConfigurationPlatforms) = preSolution
		Debug|Any CPU = Debug|Any CPU
		Release|Any CPU = Release|Any CPU
	EndGlobalSection
	GlobalSection(ProjectConfigurationPlatforms) = postSolution
		{88CE24F7-081D-425F-B677-6571A5E5DDBD}.Debug|Any CPU.ActiveCfg = Debug|Any CPU
		{88CE24F7-081D-425F-B677-6571A5E5DDBD}.Debug|Any CPU.Build.0 = Debug|Any CPU
		{88CE24F7-081D-425F-B677-6571A5E5DDBD}.Release|Any CPU.ActiveCfg = Release|Any CPU
		{88CE24F7-081D-425F-B677-6571A5E5DDBD}.Release|Any CPU.Build.0 = Release|Any CPU
	EndGlobalSection
	GlobalSection(SolutionProperties) = preSolution
		HideSolutionNode = FALSE
	EndGlobalSection
	GlobalSection(ExtensibilityGlobals) = postSolution
		SolutionGuid = {04F467D8-F46A-4CC1-B86D-BD8E02867EC7}
	EndGlobalSection
EndGlobal
